// !$*UTF8*$!
{
	archiveVersion = 1;
	classes = {
	};
	objectVersion = 46;
	objects = {

/* Begin PBXBuildFile section */
		64FCA7EB73072DCA743E7AEB /* Pods_Massage.framework in Frameworks */ = {isa = PBXBuildFile; fileRef = 9EDFEADD01261C0128AB49BD /* Pods_Massage.framework */; };
		8203CE3B1DD3BA51008BF532 /* HomeViewController.swift in Sources */ = {isa = PBXBuildFile; fileRef = 8203CE3A1DD3BA51008BF532 /* HomeViewController.swift */; };
		82049D2A1DCC703900C16863 /* AuthViewController.swift in Sources */ = {isa = PBXBuildFile; fileRef = 82049D291DCC703900C16863 /* AuthViewController.swift */; };
		82049D2E1DCCF85E00C16863 /* ForgotViewController.swift in Sources */ = {isa = PBXBuildFile; fileRef = 82049D2D1DCCF85E00C16863 /* ForgotViewController.swift */; };
		821A920D1DCBE13C00CDE752 /* TreatmentViewController.swift in Sources */ = {isa = PBXBuildFile; fileRef = 821A920C1DCBE13C00CDE752 /* TreatmentViewController.swift */; };
		821A92121DCBE70900CDE752 /* BackgroundKolodaAnimation.swift in Sources */ = {isa = PBXBuildFile; fileRef = 821A92111DCBE70900CDE752 /* BackgroundKolodaAnimation.swift */; };
		821A92291DCBF26300CDE752 /* TherapistViewController.swift in Sources */ = {isa = PBXBuildFile; fileRef = 821A92281DCBF26300CDE752 /* TherapistViewController.swift */; };
		8224DDD51DD463A9008EEC55 /* WorkerCollectionCell.swift in Sources */ = {isa = PBXBuildFile; fileRef = 8224DDD31DD463A9008EEC55 /* WorkerCollectionCell.swift */; };
		8224DDD61DD463A9008EEC55 /* WorkerCollectionCell.xib in Resources */ = {isa = PBXBuildFile; fileRef = 8224DDD41DD463A9008EEC55 /* WorkerCollectionCell.xib */; };
		8224DDD91DD466F9008EEC55 /* SpecialityCollectionCell.swift in Sources */ = {isa = PBXBuildFile; fileRef = 8224DDD71DD466F9008EEC55 /* SpecialityCollectionCell.swift */; };
		8224DDDA1DD466F9008EEC55 /* SpecialityCollectionCell.xib in Resources */ = {isa = PBXBuildFile; fileRef = 8224DDD81DD466F9008EEC55 /* SpecialityCollectionCell.xib */; };
		824707391DD0811700CDD441 /* AlertDisplay.swift in Sources */ = {isa = PBXBuildFile; fileRef = 824707381DD0811700CDD441 /* AlertDisplay.swift */; };
		824B08EB1DD2FDD9000DAB1C /* TutorialStartViewController.swift in Sources */ = {isa = PBXBuildFile; fileRef = 824B08EA1DD2FDD9000DAB1C /* TutorialStartViewController.swift */; };
		824B08ED1DD300FC000DAB1C /* GetStartedViewController.swift in Sources */ = {isa = PBXBuildFile; fileRef = 824B08EC1DD300FC000DAB1C /* GetStartedViewController.swift */; };
		826899871DD0EBBD00641872 /* SpecialityManager.swift in Sources */ = {isa = PBXBuildFile; fileRef = 826899861DD0EBBD00641872 /* SpecialityManager.swift */; };
		826899921DD1291A00641872 /* CustomSpecialityView.xib in Resources */ = {isa = PBXBuildFile; fileRef = 826899911DD1291A00641872 /* CustomSpecialityView.xib */; };
		826899941DD1623100641872 /* CustomSpecialityView.swift in Sources */ = {isa = PBXBuildFile; fileRef = 826899931DD1623100641872 /* CustomSpecialityView.swift */; };
		826899961DD180A800641872 /* CustomTherapistView.xib in Resources */ = {isa = PBXBuildFile; fileRef = 826899951DD180A800641872 /* CustomTherapistView.xib */; };
		826899981DD1907D00641872 /* CustomTherapistView.swift in Sources */ = {isa = PBXBuildFile; fileRef = 826899971DD1907D00641872 /* CustomTherapistView.swift */; };
		8268999A1DD1944200641872 /* WorkerManager.swift in Sources */ = {isa = PBXBuildFile; fileRef = 826899991DD1944200641872 /* WorkerManager.swift */; };
		8268999C1DD19A6E00641872 /* 959.png in Resources */ = {isa = PBXBuildFile; fileRef = 8268999B1DD19A6E00641872 /* 959.png */; };
		82B75AE11DCF25A300BFF607 /* APIClient.swift in Sources */ = {isa = PBXBuildFile; fileRef = 82B75AE01DCF25A300BFF607 /* APIClient.swift */; };
		82B75AF41DCF331F00BFF607 /* City.swift in Sources */ = {isa = PBXBuildFile; fileRef = 82B75AE81DCF331F00BFF607 /* City.swift */; };
		82B75AF51DCF331F00BFF607 /* Country.swift in Sources */ = {isa = PBXBuildFile; fileRef = 82B75AE91DCF331F00BFF607 /* Country.swift */; };
		82B75AF61DCF331F00BFF607 /* Currency.swift in Sources */ = {isa = PBXBuildFile; fileRef = 82B75AEA1DCF331F00BFF607 /* Currency.swift */; };
		82B75AF71DCF331F00BFF607 /* LocationTypeaheadResult.swift in Sources */ = {isa = PBXBuildFile; fileRef = 82B75AEB1DCF331F00BFF607 /* LocationTypeaheadResult.swift */; };
		82B75AF81DCF331F00BFF607 /* SavedAddress.swift in Sources */ = {isa = PBXBuildFile; fileRef = 82B75AEC1DCF331F00BFF607 /* SavedAddress.swift */; };
		82B75AF91DCF331F00BFF607 /* Search.swift in Sources */ = {isa = PBXBuildFile; fileRef = 82B75AED1DCF331F00BFF607 /* Search.swift */; };
		82B75AFA1DCF331F00BFF607 /* SearchLocation.swift in Sources */ = {isa = PBXBuildFile; fileRef = 82B75AEE1DCF331F00BFF607 /* SearchLocation.swift */; };
		82B75AFB1DCF331F00BFF607 /* ServiceArea.swift in Sources */ = {isa = PBXBuildFile; fileRef = 82B75AEF1DCF331F00BFF607 /* ServiceArea.swift */; };
		82B75AFC1DCF331F00BFF607 /* Session.swift in Sources */ = {isa = PBXBuildFile; fileRef = 82B75AF01DCF331F00BFF607 /* Session.swift */; };
		82B75AFD1DCF331F00BFF607 /* Speciality.swift in Sources */ = {isa = PBXBuildFile; fileRef = 82B75AF11DCF331F00BFF607 /* Speciality.swift */; };
		82B75AFE1DCF331F00BFF607 /* User.swift in Sources */ = {isa = PBXBuildFile; fileRef = 82B75AF21DCF331F00BFF607 /* User.swift */; };
		82B75AFF1DCF331F00BFF607 /* Worker.swift in Sources */ = {isa = PBXBuildFile; fileRef = 82B75AF31DCF331F00BFF607 /* Worker.swift */; };
		82B75B061DCF336800BFF607 /* AddressManager.swift in Sources */ = {isa = PBXBuildFile; fileRef = 82B75B011DCF336800BFF607 /* AddressManager.swift */; };
		82B75B071DCF336800BFF607 /* RealmManager.swift in Sources */ = {isa = PBXBuildFile; fileRef = 82B75B021DCF336800BFF607 /* RealmManager.swift */; };
		82B75B081DCF336800BFF607 /* SearchManager.swift in Sources */ = {isa = PBXBuildFile; fileRef = 82B75B031DCF336800BFF607 /* SearchManager.swift */; };
		82B75B091DCF336800BFF607 /* SessionManager.swift in Sources */ = {isa = PBXBuildFile; fileRef = 82B75B041DCF336800BFF607 /* SessionManager.swift */; };
		82B75B0A1DCF336800BFF607 /* TrackingManager.swift in Sources */ = {isa = PBXBuildFile; fileRef = 82B75B051DCF336800BFF607 /* TrackingManager.swift */; };
		82B75B151DCF348400BFF607 /* Color.swift in Sources */ = {isa = PBXBuildFile; fileRef = 82B75B0C1DCF348400BFF607 /* Color.swift */; };
		82B75B161DCF348400BFF607 /* Debounce.swift in Sources */ = {isa = PBXBuildFile; fileRef = 82B75B0D1DCF348400BFF607 /* Debounce.swift */; };
		82B75B171DCF348400BFF607 /* Delay.swift in Sources */ = {isa = PBXBuildFile; fileRef = 82B75B0E1DCF348400BFF607 /* Delay.swift */; };
		82B75B181DCF348400BFF607 /* Environment.swift in Sources */ = {isa = PBXBuildFile; fileRef = 82B75B0F1DCF348400BFF607 /* Environment.swift */; };
		82B75B191DCF348400BFF607 /* ErrorDisplay.swift in Sources */ = {isa = PBXBuildFile; fileRef = 82B75B101DCF348400BFF607 /* ErrorDisplay.swift */; };
		82B75B1A1DCF348400BFF607 /* Loader.swift in Sources */ = {isa = PBXBuildFile; fileRef = 82B75B111DCF348400BFF607 /* Loader.swift */; };
		82B75B1B1DCF348400BFF607 /* OneOffLocationHelper.swift in Sources */ = {isa = PBXBuildFile; fileRef = 82B75B121DCF348400BFF607 /* OneOffLocationHelper.swift */; };
		82B75B1C1DCF348400BFF607 /* RealmExtensions.swift in Sources */ = {isa = PBXBuildFile; fileRef = 82B75B131DCF348400BFF607 /* RealmExtensions.swift */; };
		82B75B1D1DCF348400BFF607 /* URLNavigator.swift in Sources */ = {isa = PBXBuildFile; fileRef = 82B75B141DCF348400BFF607 /* URLNavigator.swift */; };
		82B75B211DCF34A900BFF607 /* TrackingEvent.swift in Sources */ = {isa = PBXBuildFile; fileRef = 82B75B1F1DCF34A900BFF607 /* TrackingEvent.swift */; };
		82B75B221DCF34A900BFF607 /* TrackingScreen.swift in Sources */ = {isa = PBXBuildFile; fileRef = 82B75B201DCF34A900BFF607 /* TrackingScreen.swift */; };
		82C823C91DD0285A00F15AFE /* Localizable.strings in Resources */ = {isa = PBXBuildFile; fileRef = 82C823C61DD0285A00F15AFE /* Localizable.strings */; };
		82CE5E061DD24764006CDB3B /* CitiesManager.swift in Sources */ = {isa = PBXBuildFile; fileRef = 82CE5E051DD24764006CDB3B /* CitiesManager.swift */; };
		9A3470821DCA6D600036C89A /* AppDelegate.swift in Sources */ = {isa = PBXBuildFile; fileRef = 9A3470811DCA6D600036C89A /* AppDelegate.swift */; };
		9A3470871DCA6D600036C89A /* Main.storyboard in Resources */ = {isa = PBXBuildFile; fileRef = 9A3470851DCA6D600036C89A /* Main.storyboard */; };
		9A3470891DCA6D600036C89A /* Assets.xcassets in Resources */ = {isa = PBXBuildFile; fileRef = 9A3470881DCA6D600036C89A /* Assets.xcassets */; };
		9A34708C1DCA6D610036C89A /* LaunchScreen.storyboard in Resources */ = {isa = PBXBuildFile; fileRef = 9A34708A1DCA6D610036C89A /* LaunchScreen.storyboard */; };
		9A3470971DCA6D610036C89A /* MassageTests.swift in Sources */ = {isa = PBXBuildFile; fileRef = 9A3470961DCA6D610036C89A /* MassageTests.swift */; };
		9A3470A21DCA6D610036C89A /* MassageUITests.swift in Sources */ = {isa = PBXBuildFile; fileRef = 9A3470A11DCA6D610036C89A /* MassageUITests.swift */; };
		9A3470B51DCA6F810036C89A /* Tutorial.storyboard in Resources */ = {isa = PBXBuildFile; fileRef = 9A3470B41DCA6F810036C89A /* Tutorial.storyboard */; };
		9A3470B71DCA70E60036C89A /* TutorialViewController.swift in Sources */ = {isa = PBXBuildFile; fileRef = 9A3470B61DCA70E60036C89A /* TutorialViewController.swift */; };
		9A3470D81DCA81890036C89A /* onboarding-address.png in Resources */ = {isa = PBXBuildFile; fileRef = 9A3470CE1DCA81890036C89A /* onboarding-address.png */; };
		9A3470D91DCA81890036C89A /* onboarding-forgotpass.png in Resources */ = {isa = PBXBuildFile; fileRef = 9A3470CF1DCA81890036C89A /* onboarding-forgotpass.png */; };
		9A3470DB1DCA81890036C89A /* onboarding-logo.png in Resources */ = {isa = PBXBuildFile; fileRef = 9A3470D11DCA81890036C89A /* onboarding-logo.png */; };
		9A3470DC1DCA81890036C89A /* onboarding-logowhite.png in Resources */ = {isa = PBXBuildFile; fileRef = 9A3470D21DCA81890036C89A /* onboarding-logowhite.png */; };
		9A3470DD1DCA81890036C89A /* onboarding-relax.png in Resources */ = {isa = PBXBuildFile; fileRef = 9A3470D31DCA81890036C89A /* onboarding-relax.png */; };
		9A3470DE1DCA81890036C89A /* onboarding-relaxbg-full.jpg in Resources */ = {isa = PBXBuildFile; fileRef = 9A3470D41DCA81890036C89A /* onboarding-relaxbg-full.jpg */; };
		9A3470DF1DCA81890036C89A /* onboarding-therapist.png in Resources */ = {isa = PBXBuildFile; fileRef = 9A3470D51DCA81890036C89A /* onboarding-therapist.png */; };
		9A3470E01DCA81890036C89A /* onboarding-treatment.png in Resources */ = {isa = PBXBuildFile; fileRef = 9A3470D61DCA81890036C89A /* onboarding-treatment.png */; };
		9A3470E11DCA81890036C89A /* onboarding-tutorial.png in Resources */ = {isa = PBXBuildFile; fileRef = 9A3470D71DCA81890036C89A /* onboarding-tutorial.png */; };
		9A3470EA1DCAFB3E0036C89A /* onboarding-loginheader.jpg in Resources */ = {isa = PBXBuildFile; fileRef = 9A3470E91DCAFB3E0036C89A /* onboarding-loginheader.jpg */; };
/* End PBXBuildFile section */

/* Begin PBXContainerItemProxy section */
		9A3470931DCA6D610036C89A /* PBXContainerItemProxy */ = {
			isa = PBXContainerItemProxy;
			containerPortal = 9A3470761DCA6D600036C89A /* Project object */;
			proxyType = 1;
			remoteGlobalIDString = 9A34707D1DCA6D600036C89A;
			remoteInfo = Massage;
		};
		9A34709E1DCA6D610036C89A /* PBXContainerItemProxy */ = {
			isa = PBXContainerItemProxy;
			containerPortal = 9A3470761DCA6D600036C89A /* Project object */;
			proxyType = 1;
			remoteGlobalIDString = 9A34707D1DCA6D600036C89A;
			remoteInfo = Massage;
		};
/* End PBXContainerItemProxy section */

/* Begin PBXFileReference section */
		2FFAB30350EEB97C82D95199 /* Pods-Massage.release.xcconfig */ = {isa = PBXFileReference; includeInIndex = 1; lastKnownFileType = text.xcconfig; name = "Pods-Massage.release.xcconfig"; path = "Pods/Target Support Files/Pods-Massage/Pods-Massage.release.xcconfig"; sourceTree = "<group>"; };
		45AEFA36FC0F206092F4BB05 /* Pods-Massage.debug.xcconfig */ = {isa = PBXFileReference; includeInIndex = 1; lastKnownFileType = text.xcconfig; name = "Pods-Massage.debug.xcconfig"; path = "Pods/Target Support Files/Pods-Massage/Pods-Massage.debug.xcconfig"; sourceTree = "<group>"; };
		8203CE3A1DD3BA51008BF532 /* HomeViewController.swift */ = {isa = PBXFileReference; fileEncoding = 4; lastKnownFileType = sourcecode.swift; path = HomeViewController.swift; sourceTree = "<group>"; };
		82049D291DCC703900C16863 /* AuthViewController.swift */ = {isa = PBXFileReference; fileEncoding = 4; lastKnownFileType = sourcecode.swift; path = AuthViewController.swift; sourceTree = "<group>"; };
		82049D2D1DCCF85E00C16863 /* ForgotViewController.swift */ = {isa = PBXFileReference; fileEncoding = 4; lastKnownFileType = sourcecode.swift; path = ForgotViewController.swift; sourceTree = "<group>"; };
		821A920C1DCBE13C00CDE752 /* TreatmentViewController.swift */ = {isa = PBXFileReference; fileEncoding = 4; lastKnownFileType = sourcecode.swift; path = TreatmentViewController.swift; sourceTree = "<group>"; };
		821A92111DCBE70900CDE752 /* BackgroundKolodaAnimation.swift */ = {isa = PBXFileReference; fileEncoding = 4; lastKnownFileType = sourcecode.swift; path = BackgroundKolodaAnimation.swift; sourceTree = "<group>"; };
		821A92281DCBF26300CDE752 /* TherapistViewController.swift */ = {isa = PBXFileReference; fileEncoding = 4; lastKnownFileType = sourcecode.swift; path = TherapistViewController.swift; sourceTree = "<group>"; };
		8224DDD31DD463A9008EEC55 /* WorkerCollectionCell.swift */ = {isa = PBXFileReference; fileEncoding = 4; lastKnownFileType = sourcecode.swift; path = WorkerCollectionCell.swift; sourceTree = "<group>"; };
		8224DDD41DD463A9008EEC55 /* WorkerCollectionCell.xib */ = {isa = PBXFileReference; fileEncoding = 4; lastKnownFileType = file.xib; path = WorkerCollectionCell.xib; sourceTree = "<group>"; };
		8224DDD71DD466F9008EEC55 /* SpecialityCollectionCell.swift */ = {isa = PBXFileReference; fileEncoding = 4; lastKnownFileType = sourcecode.swift; path = SpecialityCollectionCell.swift; sourceTree = "<group>"; };
		8224DDD81DD466F9008EEC55 /* SpecialityCollectionCell.xib */ = {isa = PBXFileReference; fileEncoding = 4; lastKnownFileType = file.xib; path = SpecialityCollectionCell.xib; sourceTree = "<group>"; };
		824707381DD0811700CDD441 /* AlertDisplay.swift */ = {isa = PBXFileReference; fileEncoding = 4; lastKnownFileType = sourcecode.swift; path = AlertDisplay.swift; sourceTree = "<group>"; };
		824B08EA1DD2FDD9000DAB1C /* TutorialStartViewController.swift */ = {isa = PBXFileReference; fileEncoding = 4; lastKnownFileType = sourcecode.swift; path = TutorialStartViewController.swift; sourceTree = "<group>"; };
		824B08EC1DD300FC000DAB1C /* GetStartedViewController.swift */ = {isa = PBXFileReference; fileEncoding = 4; lastKnownFileType = sourcecode.swift; path = GetStartedViewController.swift; sourceTree = "<group>"; };
		826899861DD0EBBD00641872 /* SpecialityManager.swift */ = {isa = PBXFileReference; fileEncoding = 4; lastKnownFileType = sourcecode.swift; path = SpecialityManager.swift; sourceTree = "<group>"; };
		826899911DD1291A00641872 /* CustomSpecialityView.xib */ = {isa = PBXFileReference; fileEncoding = 4; lastKnownFileType = file.xib; path = CustomSpecialityView.xib; sourceTree = "<group>"; };
		826899931DD1623100641872 /* CustomSpecialityView.swift */ = {isa = PBXFileReference; fileEncoding = 4; lastKnownFileType = sourcecode.swift; path = CustomSpecialityView.swift; sourceTree = "<group>"; };
		826899951DD180A800641872 /* CustomTherapistView.xib */ = {isa = PBXFileReference; fileEncoding = 4; lastKnownFileType = file.xib; path = CustomTherapistView.xib; sourceTree = "<group>"; };
		826899971DD1907D00641872 /* CustomTherapistView.swift */ = {isa = PBXFileReference; fileEncoding = 4; lastKnownFileType = sourcecode.swift; path = CustomTherapistView.swift; sourceTree = "<group>"; };
		826899991DD1944200641872 /* WorkerManager.swift */ = {isa = PBXFileReference; fileEncoding = 4; lastKnownFileType = sourcecode.swift; path = WorkerManager.swift; sourceTree = "<group>"; };
		8268999B1DD19A6E00641872 /* 959.png */ = {isa = PBXFileReference; lastKnownFileType = image.png; path = 959.png; sourceTree = "<group>"; };
		82B75AE01DCF25A300BFF607 /* APIClient.swift */ = {isa = PBXFileReference; fileEncoding = 4; lastKnownFileType = sourcecode.swift; path = APIClient.swift; sourceTree = "<group>"; };
		82B75AE41DCF32F500BFF607 /* Gotham-Bold.otf */ = {isa = PBXFileReference; lastKnownFileType = file; path = "Gotham-Bold.otf"; sourceTree = "<group>"; };
		82B75AE51DCF32F500BFF607 /* Gotham-Light.otf */ = {isa = PBXFileReference; lastKnownFileType = file; path = "Gotham-Light.otf"; sourceTree = "<group>"; };
		82B75AE61DCF32F500BFF607 /* Gotham-Medium.otf */ = {isa = PBXFileReference; lastKnownFileType = file; path = "Gotham-Medium.otf"; sourceTree = "<group>"; };
		82B75AE81DCF331F00BFF607 /* City.swift */ = {isa = PBXFileReference; fileEncoding = 4; lastKnownFileType = sourcecode.swift; path = City.swift; sourceTree = "<group>"; };
		82B75AE91DCF331F00BFF607 /* Country.swift */ = {isa = PBXFileReference; fileEncoding = 4; lastKnownFileType = sourcecode.swift; path = Country.swift; sourceTree = "<group>"; };
		82B75AEA1DCF331F00BFF607 /* Currency.swift */ = {isa = PBXFileReference; fileEncoding = 4; lastKnownFileType = sourcecode.swift; path = Currency.swift; sourceTree = "<group>"; };
		82B75AEB1DCF331F00BFF607 /* LocationTypeaheadResult.swift */ = {isa = PBXFileReference; fileEncoding = 4; lastKnownFileType = sourcecode.swift; path = LocationTypeaheadResult.swift; sourceTree = "<group>"; };
		82B75AEC1DCF331F00BFF607 /* SavedAddress.swift */ = {isa = PBXFileReference; fileEncoding = 4; lastKnownFileType = sourcecode.swift; path = SavedAddress.swift; sourceTree = "<group>"; };
		82B75AED1DCF331F00BFF607 /* Search.swift */ = {isa = PBXFileReference; fileEncoding = 4; lastKnownFileType = sourcecode.swift; path = Search.swift; sourceTree = "<group>"; };
		82B75AEE1DCF331F00BFF607 /* SearchLocation.swift */ = {isa = PBXFileReference; fileEncoding = 4; lastKnownFileType = sourcecode.swift; path = SearchLocation.swift; sourceTree = "<group>"; };
		82B75AEF1DCF331F00BFF607 /* ServiceArea.swift */ = {isa = PBXFileReference; fileEncoding = 4; lastKnownFileType = sourcecode.swift; path = ServiceArea.swift; sourceTree = "<group>"; };
		82B75AF01DCF331F00BFF607 /* Session.swift */ = {isa = PBXFileReference; fileEncoding = 4; lastKnownFileType = sourcecode.swift; path = Session.swift; sourceTree = "<group>"; };
		82B75AF11DCF331F00BFF607 /* Speciality.swift */ = {isa = PBXFileReference; fileEncoding = 4; lastKnownFileType = sourcecode.swift; path = Speciality.swift; sourceTree = "<group>"; };
		82B75AF21DCF331F00BFF607 /* User.swift */ = {isa = PBXFileReference; fileEncoding = 4; lastKnownFileType = sourcecode.swift; path = User.swift; sourceTree = "<group>"; };
		82B75AF31DCF331F00BFF607 /* Worker.swift */ = {isa = PBXFileReference; fileEncoding = 4; lastKnownFileType = sourcecode.swift; path = Worker.swift; sourceTree = "<group>"; };
		82B75B011DCF336800BFF607 /* AddressManager.swift */ = {isa = PBXFileReference; fileEncoding = 4; lastKnownFileType = sourcecode.swift; path = AddressManager.swift; sourceTree = "<group>"; };
		82B75B021DCF336800BFF607 /* RealmManager.swift */ = {isa = PBXFileReference; fileEncoding = 4; lastKnownFileType = sourcecode.swift; path = RealmManager.swift; sourceTree = "<group>"; };
		82B75B031DCF336800BFF607 /* SearchManager.swift */ = {isa = PBXFileReference; fileEncoding = 4; lastKnownFileType = sourcecode.swift; path = SearchManager.swift; sourceTree = "<group>"; };
		82B75B041DCF336800BFF607 /* SessionManager.swift */ = {isa = PBXFileReference; fileEncoding = 4; lastKnownFileType = sourcecode.swift; path = SessionManager.swift; sourceTree = "<group>"; };
		82B75B051DCF336800BFF607 /* TrackingManager.swift */ = {isa = PBXFileReference; fileEncoding = 4; lastKnownFileType = sourcecode.swift; path = TrackingManager.swift; sourceTree = "<group>"; };
		82B75B0C1DCF348400BFF607 /* Color.swift */ = {isa = PBXFileReference; fileEncoding = 4; lastKnownFileType = sourcecode.swift; path = Color.swift; sourceTree = "<group>"; };
		82B75B0D1DCF348400BFF607 /* Debounce.swift */ = {isa = PBXFileReference; fileEncoding = 4; lastKnownFileType = sourcecode.swift; path = Debounce.swift; sourceTree = "<group>"; };
		82B75B0E1DCF348400BFF607 /* Delay.swift */ = {isa = PBXFileReference; fileEncoding = 4; lastKnownFileType = sourcecode.swift; path = Delay.swift; sourceTree = "<group>"; };
		82B75B0F1DCF348400BFF607 /* Environment.swift */ = {isa = PBXFileReference; fileEncoding = 4; lastKnownFileType = sourcecode.swift; path = Environment.swift; sourceTree = "<group>"; };
		82B75B101DCF348400BFF607 /* ErrorDisplay.swift */ = {isa = PBXFileReference; fileEncoding = 4; lastKnownFileType = sourcecode.swift; path = ErrorDisplay.swift; sourceTree = "<group>"; };
		82B75B111DCF348400BFF607 /* Loader.swift */ = {isa = PBXFileReference; fileEncoding = 4; lastKnownFileType = sourcecode.swift; path = Loader.swift; sourceTree = "<group>"; };
		82B75B121DCF348400BFF607 /* OneOffLocationHelper.swift */ = {isa = PBXFileReference; fileEncoding = 4; lastKnownFileType = sourcecode.swift; path = OneOffLocationHelper.swift; sourceTree = "<group>"; };
		82B75B131DCF348400BFF607 /* RealmExtensions.swift */ = {isa = PBXFileReference; fileEncoding = 4; lastKnownFileType = sourcecode.swift; path = RealmExtensions.swift; sourceTree = "<group>"; };
		82B75B141DCF348400BFF607 /* URLNavigator.swift */ = {isa = PBXFileReference; fileEncoding = 4; lastKnownFileType = sourcecode.swift; path = URLNavigator.swift; sourceTree = "<group>"; };
		82B75B1F1DCF34A900BFF607 /* TrackingEvent.swift */ = {isa = PBXFileReference; fileEncoding = 4; lastKnownFileType = sourcecode.swift; path = TrackingEvent.swift; sourceTree = "<group>"; };
		82B75B201DCF34A900BFF607 /* TrackingScreen.swift */ = {isa = PBXFileReference; fileEncoding = 4; lastKnownFileType = sourcecode.swift; path = TrackingScreen.swift; sourceTree = "<group>"; };
		82C823C71DD0285A00F15AFE /* en */ = {isa = PBXFileReference; lastKnownFileType = text.plist.strings; name = en; path = en.lproj/Localizable.strings; sourceTree = "<group>"; };
		82C823C81DD0285A00F15AFE /* fr */ = {isa = PBXFileReference; lastKnownFileType = text.plist.strings; name = fr; path = fr.lproj/Localizable.strings; sourceTree = "<group>"; };
		82CE5E051DD24764006CDB3B /* CitiesManager.swift */ = {isa = PBXFileReference; fileEncoding = 4; lastKnownFileType = sourcecode.swift; path = CitiesManager.swift; sourceTree = "<group>"; };
		82F77C001DD2649B00D880EF /* Massage.entitlements */ = {isa = PBXFileReference; lastKnownFileType = text.plist.entitlements; path = Massage.entitlements; sourceTree = "<group>"; };
		9A34707E1DCA6D600036C89A /* Massage.app */ = {isa = PBXFileReference; explicitFileType = wrapper.application; includeInIndex = 0; path = Massage.app; sourceTree = BUILT_PRODUCTS_DIR; };
		9A3470811DCA6D600036C89A /* AppDelegate.swift */ = {isa = PBXFileReference; lastKnownFileType = sourcecode.swift; path = AppDelegate.swift; sourceTree = "<group>"; };
		9A3470861DCA6D600036C89A /* Base */ = {isa = PBXFileReference; lastKnownFileType = file.storyboard; name = Base; path = Base.lproj/Main.storyboard; sourceTree = "<group>"; };
		9A3470881DCA6D600036C89A /* Assets.xcassets */ = {isa = PBXFileReference; lastKnownFileType = folder.assetcatalog; path = Assets.xcassets; sourceTree = "<group>"; };
		9A34708B1DCA6D610036C89A /* Base */ = {isa = PBXFileReference; lastKnownFileType = file.storyboard; name = Base; path = Base.lproj/LaunchScreen.storyboard; sourceTree = "<group>"; };
		9A34708D1DCA6D610036C89A /* Info.plist */ = {isa = PBXFileReference; lastKnownFileType = text.plist.xml; path = Info.plist; sourceTree = "<group>"; };
		9A3470921DCA6D610036C89A /* MassageTests.xctest */ = {isa = PBXFileReference; explicitFileType = wrapper.cfbundle; includeInIndex = 0; path = MassageTests.xctest; sourceTree = BUILT_PRODUCTS_DIR; };
		9A3470961DCA6D610036C89A /* MassageTests.swift */ = {isa = PBXFileReference; lastKnownFileType = sourcecode.swift; path = MassageTests.swift; sourceTree = "<group>"; };
		9A3470981DCA6D610036C89A /* Info.plist */ = {isa = PBXFileReference; lastKnownFileType = text.plist.xml; path = Info.plist; sourceTree = "<group>"; };
		9A34709D1DCA6D610036C89A /* MassageUITests.xctest */ = {isa = PBXFileReference; explicitFileType = wrapper.cfbundle; includeInIndex = 0; path = MassageUITests.xctest; sourceTree = BUILT_PRODUCTS_DIR; };
		9A3470A11DCA6D610036C89A /* MassageUITests.swift */ = {isa = PBXFileReference; lastKnownFileType = sourcecode.swift; path = MassageUITests.swift; sourceTree = "<group>"; };
		9A3470A31DCA6D610036C89A /* Info.plist */ = {isa = PBXFileReference; lastKnownFileType = text.plist.xml; path = Info.plist; sourceTree = "<group>"; };
		9A3470B41DCA6F810036C89A /* Tutorial.storyboard */ = {isa = PBXFileReference; fileEncoding = 4; lastKnownFileType = file.storyboard; path = Tutorial.storyboard; sourceTree = "<group>"; };
		9A3470B61DCA70E60036C89A /* TutorialViewController.swift */ = {isa = PBXFileReference; fileEncoding = 4; lastKnownFileType = sourcecode.swift; path = TutorialViewController.swift; sourceTree = "<group>"; };
		9A3470CE1DCA81890036C89A /* onboarding-address.png */ = {isa = PBXFileReference; lastKnownFileType = image.png; name = "onboarding-address.png"; path = "images/onboarding-address.png"; sourceTree = "<group>"; };
		9A3470CF1DCA81890036C89A /* onboarding-forgotpass.png */ = {isa = PBXFileReference; lastKnownFileType = image.png; name = "onboarding-forgotpass.png"; path = "images/onboarding-forgotpass.png"; sourceTree = "<group>"; };
		9A3470D11DCA81890036C89A /* onboarding-logo.png */ = {isa = PBXFileReference; lastKnownFileType = image.png; name = "onboarding-logo.png"; path = "images/onboarding-logo.png"; sourceTree = "<group>"; };
		9A3470D21DCA81890036C89A /* onboarding-logowhite.png */ = {isa = PBXFileReference; lastKnownFileType = image.png; name = "onboarding-logowhite.png"; path = "images/onboarding-logowhite.png"; sourceTree = "<group>"; };
		9A3470D31DCA81890036C89A /* onboarding-relax.png */ = {isa = PBXFileReference; lastKnownFileType = image.png; name = "onboarding-relax.png"; path = "images/onboarding-relax.png"; sourceTree = "<group>"; };
		9A3470D41DCA81890036C89A /* onboarding-relaxbg-full.jpg */ = {isa = PBXFileReference; lastKnownFileType = image.jpeg; name = "onboarding-relaxbg-full.jpg"; path = "images/onboarding-relaxbg-full.jpg"; sourceTree = "<group>"; };
		9A3470D51DCA81890036C89A /* onboarding-therapist.png */ = {isa = PBXFileReference; lastKnownFileType = image.png; name = "onboarding-therapist.png"; path = "images/onboarding-therapist.png"; sourceTree = "<group>"; };
		9A3470D61DCA81890036C89A /* onboarding-treatment.png */ = {isa = PBXFileReference; lastKnownFileType = image.png; name = "onboarding-treatment.png"; path = "images/onboarding-treatment.png"; sourceTree = "<group>"; };
		9A3470D71DCA81890036C89A /* onboarding-tutorial.png */ = {isa = PBXFileReference; lastKnownFileType = image.png; name = "onboarding-tutorial.png"; path = "images/onboarding-tutorial.png"; sourceTree = "<group>"; };
		9A3470E91DCAFB3E0036C89A /* onboarding-loginheader.jpg */ = {isa = PBXFileReference; lastKnownFileType = image.jpeg; path = "onboarding-loginheader.jpg"; sourceTree = "<group>"; };
		9EDFEADD01261C0128AB49BD /* Pods_Massage.framework */ = {isa = PBXFileReference; explicitFileType = wrapper.framework; includeInIndex = 0; path = Pods_Massage.framework; sourceTree = BUILT_PRODUCTS_DIR; };
/* End PBXFileReference section */

/* Begin PBXFrameworksBuildPhase section */
		9A34707B1DCA6D600036C89A /* Frameworks */ = {
			isa = PBXFrameworksBuildPhase;
			buildActionMask = 2147483647;
			files = (
				64FCA7EB73072DCA743E7AEB /* Pods_Massage.framework in Frameworks */,
			);
			runOnlyForDeploymentPostprocessing = 0;
		};
		9A34708F1DCA6D610036C89A /* Frameworks */ = {
			isa = PBXFrameworksBuildPhase;
			buildActionMask = 2147483647;
			files = (
			);
			runOnlyForDeploymentPostprocessing = 0;
		};
		9A34709A1DCA6D610036C89A /* Frameworks */ = {
			isa = PBXFrameworksBuildPhase;
			buildActionMask = 2147483647;
			files = (
			);
			runOnlyForDeploymentPostprocessing = 0;
		};
/* End PBXFrameworksBuildPhase section */

/* Begin PBXGroup section */
		24E54EDB3088E5848E196127 /* Pods */ = {
			isa = PBXGroup;
			children = (
				45AEFA36FC0F206092F4BB05 /* Pods-Massage.debug.xcconfig */,
				2FFAB30350EEB97C82D95199 /* Pods-Massage.release.xcconfig */,
			);
			name = Pods;
			sourceTree = "<group>";
		};
		8203CE391DD39EC1008BF532 /* Home */ = {
			isa = PBXGroup;
			children = (
				8203CE3A1DD3BA51008BF532 /* HomeViewController.swift */,
			);
			name = Home;
			sourceTree = "<group>";
		};
		82049D281DCC701300C16863 /* Authentication */ = {
			isa = PBXGroup;
			children = (
				82049D291DCC703900C16863 /* AuthViewController.swift */,
				82049D2D1DCCF85E00C16863 /* ForgotViewController.swift */,
			);
			name = Authentication;
			sourceTree = "<group>";
		};
		821A920E1DCBE24F00CDE752 /* Views */ = {
			isa = PBXGroup;
			children = (
				8268998C1DD124F300641872 /* Cells */,
				821A92111DCBE70900CDE752 /* BackgroundKolodaAnimation.swift */,
			);
			name = Views;
			sourceTree = "<group>";
		};
		8268998C1DD124F300641872 /* Cells */ = {
			isa = PBXGroup;
			children = (
				8224DDD71DD466F9008EEC55 /* SpecialityCollectionCell.swift */,
				8224DDD81DD466F9008EEC55 /* SpecialityCollectionCell.xib */,
				8224DDD31DD463A9008EEC55 /* WorkerCollectionCell.swift */,
				8224DDD41DD463A9008EEC55 /* WorkerCollectionCell.xib */,
				826899911DD1291A00641872 /* CustomSpecialityView.xib */,
				826899931DD1623100641872 /* CustomSpecialityView.swift */,
				826899951DD180A800641872 /* CustomTherapistView.xib */,
				826899971DD1907D00641872 /* CustomTherapistView.swift */,
			);
			name = Cells;
			sourceTree = "<group>";
		};
		82B75ADD1DCF255F00BFF607 /* Services */ = {
			isa = PBXGroup;
			children = (
				82C823C51DD0285A00F15AFE /* Locale */,
				82B75B1E1DCF349800BFF607 /* Tracking */,
				82B75B0B1DCF347400BFF607 /* Helpers */,
				82B75B001DCF335800BFF607 /* Managers */,
				82B75ADE1DCF257500BFF607 /* API */,
			);
			name = Services;
			sourceTree = "<group>";
		};
		82B75ADE1DCF257500BFF607 /* API */ = {
			isa = PBXGroup;
			children = (
				82B75AE01DCF25A300BFF607 /* APIClient.swift */,
			);
			name = API;
			sourceTree = "<group>";
		};
		82B75AE21DCF32CB00BFF607 /* fonts */ = {
			isa = PBXGroup;
			children = (
				82B75AE31DCF32D900BFF607 /* Gotham */,
			);
			name = fonts;
			sourceTree = "<group>";
		};
		82B75AE31DCF32D900BFF607 /* Gotham */ = {
			isa = PBXGroup;
			children = (
				82B75AE41DCF32F500BFF607 /* Gotham-Bold.otf */,
				82B75AE51DCF32F500BFF607 /* Gotham-Light.otf */,
				82B75AE61DCF32F500BFF607 /* Gotham-Medium.otf */,
			);
			name = Gotham;
			sourceTree = "<group>";
		};
		82B75AE71DCF32FD00BFF607 /* Models */ = {
			isa = PBXGroup;
			children = (
				82B75AE81DCF331F00BFF607 /* City.swift */,
				82B75AE91DCF331F00BFF607 /* Country.swift */,
				82B75AEA1DCF331F00BFF607 /* Currency.swift */,
				82B75AEB1DCF331F00BFF607 /* LocationTypeaheadResult.swift */,
				82B75AEC1DCF331F00BFF607 /* SavedAddress.swift */,
				82B75AED1DCF331F00BFF607 /* Search.swift */,
				82B75AEE1DCF331F00BFF607 /* SearchLocation.swift */,
				82B75AEF1DCF331F00BFF607 /* ServiceArea.swift */,
				82B75AF01DCF331F00BFF607 /* Session.swift */,
				82B75AF11DCF331F00BFF607 /* Speciality.swift */,
				82B75AF21DCF331F00BFF607 /* User.swift */,
				82B75AF31DCF331F00BFF607 /* Worker.swift */,
			);
			name = Models;
			sourceTree = "<group>";
		};
		82B75B001DCF335800BFF607 /* Managers */ = {
			isa = PBXGroup;
			children = (
				82CE5E051DD24764006CDB3B /* CitiesManager.swift */,
				82B75B011DCF336800BFF607 /* AddressManager.swift */,
				82B75B021DCF336800BFF607 /* RealmManager.swift */,
				82B75B031DCF336800BFF607 /* SearchManager.swift */,
				82B75B041DCF336800BFF607 /* SessionManager.swift */,
				82B75B051DCF336800BFF607 /* TrackingManager.swift */,
				826899861DD0EBBD00641872 /* SpecialityManager.swift */,
				826899991DD1944200641872 /* WorkerManager.swift */,
			);
			name = Managers;
			sourceTree = "<group>";
		};
		82B75B0B1DCF347400BFF607 /* Helpers */ = {
			isa = PBXGroup;
			children = (
				82B75B0C1DCF348400BFF607 /* Color.swift */,
				82B75B0D1DCF348400BFF607 /* Debounce.swift */,
				82B75B0E1DCF348400BFF607 /* Delay.swift */,
				82B75B0F1DCF348400BFF607 /* Environment.swift */,
				82B75B101DCF348400BFF607 /* ErrorDisplay.swift */,
				82B75B111DCF348400BFF607 /* Loader.swift */,
				82B75B121DCF348400BFF607 /* OneOffLocationHelper.swift */,
				82B75B131DCF348400BFF607 /* RealmExtensions.swift */,
				82B75B141DCF348400BFF607 /* URLNavigator.swift */,
				824707381DD0811700CDD441 /* AlertDisplay.swift */,
			);
			name = Helpers;
			sourceTree = "<group>";
		};
		82B75B1E1DCF349800BFF607 /* Tracking */ = {
			isa = PBXGroup;
			children = (
				82B75B1F1DCF34A900BFF607 /* TrackingEvent.swift */,
				82B75B201DCF34A900BFF607 /* TrackingScreen.swift */,
			);
			name = Tracking;
			sourceTree = "<group>";
		};
		82C823C51DD0285A00F15AFE /* Locale */ = {
			isa = PBXGroup;
			children = (
				82C823C61DD0285A00F15AFE /* Localizable.strings */,
			);
			path = Locale;
			sourceTree = "<group>";
		};
		96BA3C080740C211539DC551 /* Frameworks */ = {
			isa = PBXGroup;
			children = (
				9EDFEADD01261C0128AB49BD /* Pods_Massage.framework */,
			);
			name = Frameworks;
			sourceTree = "<group>";
		};
		9A3470751DCA6D600036C89A = {
			isa = PBXGroup;
			children = (
				9A3470801DCA6D600036C89A /* Massage */,
				9A3470951DCA6D610036C89A /* MassageTests */,
				9A3470A01DCA6D610036C89A /* MassageUITests */,
				9A34707F1DCA6D600036C89A /* Products */,
				24E54EDB3088E5848E196127 /* Pods */,
				96BA3C080740C211539DC551 /* Frameworks */,
			);
			sourceTree = "<group>";
		};
		9A34707F1DCA6D600036C89A /* Products */ = {
			isa = PBXGroup;
			children = (
				9A34707E1DCA6D600036C89A /* Massage.app */,
				9A3470921DCA6D610036C89A /* MassageTests.xctest */,
				9A34709D1DCA6D610036C89A /* MassageUITests.xctest */,
			);
			name = Products;
			sourceTree = "<group>";
		};
		9A3470801DCA6D600036C89A /* Massage */ = {
			isa = PBXGroup;
			children = (
				82F77C001DD2649B00D880EF /* Massage.entitlements */,
				82B75AE71DCF32FD00BFF607 /* Models */,
				82B75ADD1DCF255F00BFF607 /* Services */,
				821A920E1DCBE24F00CDE752 /* Views */,
				9A3470B81DCA7CD90036C89A /* Resource */,
				9A3470B01DCA6EDB0036C89A /* ViewControllers */,
				9A3470811DCA6D600036C89A /* AppDelegate.swift */,
				9A3470851DCA6D600036C89A /* Main.storyboard */,
				9A3470881DCA6D600036C89A /* Assets.xcassets */,
				9A34708A1DCA6D610036C89A /* LaunchScreen.storyboard */,
				9A34708D1DCA6D610036C89A /* Info.plist */,
			);
			path = Massage;
			sourceTree = "<group>";
		};
		9A3470951DCA6D610036C89A /* MassageTests */ = {
			isa = PBXGroup;
			children = (
				9A3470961DCA6D610036C89A /* MassageTests.swift */,
				9A3470981DCA6D610036C89A /* Info.plist */,
			);
			path = MassageTests;
			sourceTree = "<group>";
		};
		9A3470A01DCA6D610036C89A /* MassageUITests */ = {
			isa = PBXGroup;
			children = (
				9A3470A11DCA6D610036C89A /* MassageUITests.swift */,
				9A3470A31DCA6D610036C89A /* Info.plist */,
			);
			path = MassageUITests;
			sourceTree = "<group>";
		};
		9A3470B01DCA6EDB0036C89A /* ViewControllers */ = {
			isa = PBXGroup;
			children = (
				8203CE391DD39EC1008BF532 /* Home */,
				82049D281DCC701300C16863 /* Authentication */,
				9A3470B11DCA6EFC0036C89A /* Tutorial */,
			);
			name = ViewControllers;
			sourceTree = "<group>";
		};
		9A3470B11DCA6EFC0036C89A /* Tutorial */ = {
			isa = PBXGroup;
			children = (
				9A3470B41DCA6F810036C89A /* Tutorial.storyboard */,
				9A3470B61DCA70E60036C89A /* TutorialViewController.swift */,
				821A920C1DCBE13C00CDE752 /* TreatmentViewController.swift */,
				821A92281DCBF26300CDE752 /* TherapistViewController.swift */,
				824B08EA1DD2FDD9000DAB1C /* TutorialStartViewController.swift */,
				824B08EC1DD300FC000DAB1C /* GetStartedViewController.swift */,
			);
			name = Tutorial;
			sourceTree = "<group>";
		};
		9A3470B81DCA7CD90036C89A /* Resource */ = {
			isa = PBXGroup;
			children = (
				82B75AE21DCF32CB00BFF607 /* fonts */,
				9A3470B91DCA7CEA0036C89A /* images */,
			);
			name = Resource;
			sourceTree = "<group>";
		};
		9A3470B91DCA7CEA0036C89A /* images */ = {
			isa = PBXGroup;
			children = (
				8268999B1DD19A6E00641872 /* 959.png */,
				9A3470E91DCAFB3E0036C89A /* onboarding-loginheader.jpg */,
				9A3470CE1DCA81890036C89A /* onboarding-address.png */,
				9A3470CF1DCA81890036C89A /* onboarding-forgotpass.png */,
				9A3470D11DCA81890036C89A /* onboarding-logo.png */,
				9A3470D21DCA81890036C89A /* onboarding-logowhite.png */,
				9A3470D31DCA81890036C89A /* onboarding-relax.png */,
				9A3470D41DCA81890036C89A /* onboarding-relaxbg-full.jpg */,
				9A3470D51DCA81890036C89A /* onboarding-therapist.png */,
				9A3470D61DCA81890036C89A /* onboarding-treatment.png */,
				9A3470D71DCA81890036C89A /* onboarding-tutorial.png */,
			);
			name = images;
			sourceTree = "<group>";
		};
/* End PBXGroup section */

/* Begin PBXNativeTarget section */
		9A34707D1DCA6D600036C89A /* Massage */ = {
			isa = PBXNativeTarget;
			buildConfigurationList = 9A3470A61DCA6D610036C89A /* Build configuration list for PBXNativeTarget "Massage" */;
			buildPhases = (
				8C8BA1BD4313838CFF25544A /* [CP] Check Pods Manifest.lock */,
				9A34707A1DCA6D600036C89A /* Sources */,
				9A34707B1DCA6D600036C89A /* Frameworks */,
				9A34707C1DCA6D600036C89A /* Resources */,
				BCF16D524DCF75B8F46BEAC9 /* [CP] Embed Pods Frameworks */,
				76C37F2D16A82920A94B23A3 /* [CP] Copy Pods Resources */,
			);
			buildRules = (
			);
			dependencies = (
			);
			name = Massage;
			productName = Massage;
			productReference = 9A34707E1DCA6D600036C89A /* Massage.app */;
			productType = "com.apple.product-type.application";
		};
		9A3470911DCA6D610036C89A /* MassageTests */ = {
			isa = PBXNativeTarget;
			buildConfigurationList = 9A3470A91DCA6D610036C89A /* Build configuration list for PBXNativeTarget "MassageTests" */;
			buildPhases = (
				9A34708E1DCA6D610036C89A /* Sources */,
				9A34708F1DCA6D610036C89A /* Frameworks */,
				9A3470901DCA6D610036C89A /* Resources */,
			);
			buildRules = (
			);
			dependencies = (
				9A3470941DCA6D610036C89A /* PBXTargetDependency */,
			);
			name = MassageTests;
			productName = MassageTests;
			productReference = 9A3470921DCA6D610036C89A /* MassageTests.xctest */;
			productType = "com.apple.product-type.bundle.unit-test";
		};
		9A34709C1DCA6D610036C89A /* MassageUITests */ = {
			isa = PBXNativeTarget;
			buildConfigurationList = 9A3470AC1DCA6D610036C89A /* Build configuration list for PBXNativeTarget "MassageUITests" */;
			buildPhases = (
				9A3470991DCA6D610036C89A /* Sources */,
				9A34709A1DCA6D610036C89A /* Frameworks */,
				9A34709B1DCA6D610036C89A /* Resources */,
			);
			buildRules = (
			);
			dependencies = (
				9A34709F1DCA6D610036C89A /* PBXTargetDependency */,
			);
			name = MassageUITests;
			productName = MassageUITests;
			productReference = 9A34709D1DCA6D610036C89A /* MassageUITests.xctest */;
			productType = "com.apple.product-type.bundle.ui-testing";
		};
/* End PBXNativeTarget section */

/* Begin PBXProject section */
		9A3470761DCA6D600036C89A /* Project object */ = {
			isa = PBXProject;
			attributes = {
				LastSwiftUpdateCheck = 0800;
				LastUpgradeCheck = 0800;
				ORGANIZATIONNAME = urban;
				TargetAttributes = {
					9A34707D1DCA6D600036C89A = {
						CreatedOnToolsVersion = 8.0;
						LastSwiftMigration = 0800;
						ProvisioningStyle = Manual;
						SystemCapabilities = {
							com.apple.Keychain = {
								enabled = 1;
							};
						};
					};
					9A3470911DCA6D610036C89A = {
						CreatedOnToolsVersion = 8.0;
						LastSwiftMigration = 0800;
						ProvisioningStyle = Automatic;
						TestTargetID = 9A34707D1DCA6D600036C89A;
					};
					9A34709C1DCA6D610036C89A = {
						CreatedOnToolsVersion = 8.0;
						LastSwiftMigration = 0800;
						ProvisioningStyle = Automatic;
						TestTargetID = 9A34707D1DCA6D600036C89A;
					};
				};
			};
			buildConfigurationList = 9A3470791DCA6D600036C89A /* Build configuration list for PBXProject "Massage" */;
			compatibilityVersion = "Xcode 3.2";
			developmentRegion = English;
			hasScannedForEncodings = 0;
			knownRegions = (
				en,
				Base,
				fr,
			);
			mainGroup = 9A3470751DCA6D600036C89A;
			productRefGroup = 9A34707F1DCA6D600036C89A /* Products */;
			projectDirPath = "";
			projectRoot = "";
			targets = (
				9A34707D1DCA6D600036C89A /* Massage */,
				9A3470911DCA6D610036C89A /* MassageTests */,
				9A34709C1DCA6D610036C89A /* MassageUITests */,
			);
		};
/* End PBXProject section */

/* Begin PBXResourcesBuildPhase section */
		9A34707C1DCA6D600036C89A /* Resources */ = {
			isa = PBXResourcesBuildPhase;
			buildActionMask = 2147483647;
			files = (
				8224DDDA1DD466F9008EEC55 /* SpecialityCollectionCell.xib in Resources */,
				826899921DD1291A00641872 /* CustomSpecialityView.xib in Resources */,
				9A3470D91DCA81890036C89A /* onboarding-forgotpass.png in Resources */,
				9A3470D81DCA81890036C89A /* onboarding-address.png in Resources */,
				9A34708C1DCA6D610036C89A /* LaunchScreen.storyboard in Resources */,
				9A3470E01DCA81890036C89A /* onboarding-treatment.png in Resources */,
				9A3470E11DCA81890036C89A /* onboarding-tutorial.png in Resources */,
				9A3470DE1DCA81890036C89A /* onboarding-relaxbg-full.jpg in Resources */,
				9A3470891DCA6D600036C89A /* Assets.xcassets in Resources */,
				82C823C91DD0285A00F15AFE /* Localizable.strings in Resources */,
				8224DDD61DD463A9008EEC55 /* WorkerCollectionCell.xib in Resources */,
				8268999C1DD19A6E00641872 /* 959.png in Resources */,
				9A3470EA1DCAFB3E0036C89A /* onboarding-loginheader.jpg in Resources */,
				9A3470DD1DCA81890036C89A /* onboarding-relax.png in Resources */,
				9A3470B51DCA6F810036C89A /* Tutorial.storyboard in Resources */,
				9A3470871DCA6D600036C89A /* Main.storyboard in Resources */,
				9A3470DC1DCA81890036C89A /* onboarding-logowhite.png in Resources */,
				9A3470DB1DCA81890036C89A /* onboarding-logo.png in Resources */,
				826899961DD180A800641872 /* CustomTherapistView.xib in Resources */,
				9A3470DF1DCA81890036C89A /* onboarding-therapist.png in Resources */,
			);
			runOnlyForDeploymentPostprocessing = 0;
		};
		9A3470901DCA6D610036C89A /* Resources */ = {
			isa = PBXResourcesBuildPhase;
			buildActionMask = 2147483647;
			files = (
			);
			runOnlyForDeploymentPostprocessing = 0;
		};
		9A34709B1DCA6D610036C89A /* Resources */ = {
			isa = PBXResourcesBuildPhase;
			buildActionMask = 2147483647;
			files = (
			);
			runOnlyForDeploymentPostprocessing = 0;
		};
/* End PBXResourcesBuildPhase section */

/* Begin PBXShellScriptBuildPhase section */
		76C37F2D16A82920A94B23A3 /* [CP] Copy Pods Resources */ = {
			isa = PBXShellScriptBuildPhase;
			buildActionMask = 2147483647;
			files = (
			);
			inputPaths = (
			);
			name = "[CP] Copy Pods Resources";
			outputPaths = (
			);
			runOnlyForDeploymentPostprocessing = 0;
			shellPath = /bin/sh;
			shellScript = "\"${SRCROOT}/Pods/Target Support Files/Pods-Massage/Pods-Massage-resources.sh\"\n";
			showEnvVarsInLog = 0;
		};
		8C8BA1BD4313838CFF25544A /* [CP] Check Pods Manifest.lock */ = {
			isa = PBXShellScriptBuildPhase;
			buildActionMask = 2147483647;
			files = (
			);
			inputPaths = (
			);
			name = "[CP] Check Pods Manifest.lock";
			outputPaths = (
			);
			runOnlyForDeploymentPostprocessing = 0;
			shellPath = /bin/sh;
			shellScript = "diff \"${PODS_ROOT}/../Podfile.lock\" \"${PODS_ROOT}/Manifest.lock\" > /dev/null\nif [ $? != 0 ] ; then\n    # print error to STDERR\n    echo \"error: The sandbox is not in sync with the Podfile.lock. Run 'pod install' or update your CocoaPods installation.\" >&2\n    exit 1\nfi\n";
			showEnvVarsInLog = 0;
		};
		BCF16D524DCF75B8F46BEAC9 /* [CP] Embed Pods Frameworks */ = {
			isa = PBXShellScriptBuildPhase;
			buildActionMask = 2147483647;
			files = (
			);
			inputPaths = (
			);
			name = "[CP] Embed Pods Frameworks";
			outputPaths = (
			);
			runOnlyForDeploymentPostprocessing = 0;
			shellPath = /bin/sh;
			shellScript = "\"${SRCROOT}/Pods/Target Support Files/Pods-Massage/Pods-Massage-frameworks.sh\"\n";
			showEnvVarsInLog = 0;
		};
/* End PBXShellScriptBuildPhase section */

/* Begin PBXSourcesBuildPhase section */
		9A34707A1DCA6D600036C89A /* Sources */ = {
			isa = PBXSourcesBuildPhase;
			buildActionMask = 2147483647;
			files = (
				824707391DD0811700CDD441 /* AlertDisplay.swift in Sources */,
				82B75AFA1DCF331F00BFF607 /* SearchLocation.swift in Sources */,
				82B75B081DCF336800BFF607 /* SearchManager.swift in Sources */,
				82B75B1C1DCF348400BFF607 /* RealmExtensions.swift in Sources */,
				8268999A1DD1944200641872 /* WorkerManager.swift in Sources */,
				8203CE3B1DD3BA51008BF532 /* HomeViewController.swift in Sources */,
				9A3470B71DCA70E60036C89A /* TutorialViewController.swift in Sources */,
				824B08EB1DD2FDD9000DAB1C /* TutorialStartViewController.swift in Sources */,
				82B75B061DCF336800BFF607 /* AddressManager.swift in Sources */,
				82049D2E1DCCF85E00C16863 /* ForgotViewController.swift in Sources */,
				82B75B1D1DCF348400BFF607 /* URLNavigator.swift in Sources */,
				8224DDD51DD463A9008EEC55 /* WorkerCollectionCell.swift in Sources */,
				82B75AF71DCF331F00BFF607 /* LocationTypeaheadResult.swift in Sources */,
				82B75AE11DCF25A300BFF607 /* APIClient.swift in Sources */,
				82B75B1A1DCF348400BFF607 /* Loader.swift in Sources */,
				82B75AF51DCF331F00BFF607 /* Country.swift in Sources */,
				82B75B171DCF348400BFF607 /* Delay.swift in Sources */,
				82B75B151DCF348400BFF607 /* Color.swift in Sources */,
				9A3470821DCA6D600036C89A /* AppDelegate.swift in Sources */,
				82B75AF81DCF331F00BFF607 /* SavedAddress.swift in Sources */,
				82B75B191DCF348400BFF607 /* ErrorDisplay.swift in Sources */,
				82B75B1B1DCF348400BFF607 /* OneOffLocationHelper.swift in Sources */,
				82B75AFF1DCF331F00BFF607 /* Worker.swift in Sources */,
				826899981DD1907D00641872 /* CustomTherapistView.swift in Sources */,
				826899871DD0EBBD00641872 /* SpecialityManager.swift in Sources */,
				824B08ED1DD300FC000DAB1C /* GetStartedViewController.swift in Sources */,
				82B75B161DCF348400BFF607 /* Debounce.swift in Sources */,
				82B75B221DCF34A900BFF607 /* TrackingScreen.swift in Sources */,
				82B75B0A1DCF336800BFF607 /* TrackingManager.swift in Sources */,
				82B75B091DCF336800BFF607 /* SessionManager.swift in Sources */,
				82B75AFB1DCF331F00BFF607 /* ServiceArea.swift in Sources */,
				82B75B211DCF34A900BFF607 /* TrackingEvent.swift in Sources */,
				82B75B181DCF348400BFF607 /* Environment.swift in Sources */,
				82B75AFC1DCF331F00BFF607 /* Session.swift in Sources */,
				82049D2A1DCC703900C16863 /* AuthViewController.swift in Sources */,
				8224DDD91DD466F9008EEC55 /* SpecialityCollectionCell.swift in Sources */,
				82B75AF61DCF331F00BFF607 /* Currency.swift in Sources */,
				82B75AFD1DCF331F00BFF607 /* Speciality.swift in Sources */,
				82B75B071DCF336800BFF607 /* RealmManager.swift in Sources */,
				82B75AF41DCF331F00BFF607 /* City.swift in Sources */,
				82CE5E061DD24764006CDB3B /* CitiesManager.swift in Sources */,
				821A92291DCBF26300CDE752 /* TherapistViewController.swift in Sources */,
				82B75AF91DCF331F00BFF607 /* Search.swift in Sources */,
				821A92121DCBE70900CDE752 /* BackgroundKolodaAnimation.swift in Sources */,
				821A920D1DCBE13C00CDE752 /* TreatmentViewController.swift in Sources */,
				82B75AFE1DCF331F00BFF607 /* User.swift in Sources */,
				826899941DD1623100641872 /* CustomSpecialityView.swift in Sources */,
			);
			runOnlyForDeploymentPostprocessing = 0;
		};
		9A34708E1DCA6D610036C89A /* Sources */ = {
			isa = PBXSourcesBuildPhase;
			buildActionMask = 2147483647;
			files = (
				9A3470971DCA6D610036C89A /* MassageTests.swift in Sources */,
			);
			runOnlyForDeploymentPostprocessing = 0;
		};
		9A3470991DCA6D610036C89A /* Sources */ = {
			isa = PBXSourcesBuildPhase;
			buildActionMask = 2147483647;
			files = (
				9A3470A21DCA6D610036C89A /* MassageUITests.swift in Sources */,
			);
			runOnlyForDeploymentPostprocessing = 0;
		};
/* End PBXSourcesBuildPhase section */

/* Begin PBXTargetDependency section */
		9A3470941DCA6D610036C89A /* PBXTargetDependency */ = {
			isa = PBXTargetDependency;
			target = 9A34707D1DCA6D600036C89A /* Massage */;
			targetProxy = 9A3470931DCA6D610036C89A /* PBXContainerItemProxy */;
		};
		9A34709F1DCA6D610036C89A /* PBXTargetDependency */ = {
			isa = PBXTargetDependency;
			target = 9A34707D1DCA6D600036C89A /* Massage */;
			targetProxy = 9A34709E1DCA6D610036C89A /* PBXContainerItemProxy */;
		};
/* End PBXTargetDependency section */

/* Begin PBXVariantGroup section */
		82C823C61DD0285A00F15AFE /* Localizable.strings */ = {
			isa = PBXVariantGroup;
			children = (
				82C823C71DD0285A00F15AFE /* en */,
				82C823C81DD0285A00F15AFE /* fr */,
			);
			name = Localizable.strings;
			sourceTree = "<group>";
		};
		9A3470851DCA6D600036C89A /* Main.storyboard */ = {
			isa = PBXVariantGroup;
			children = (
				9A3470861DCA6D600036C89A /* Base */,
			);
			name = Main.storyboard;
			sourceTree = "<group>";
		};
		9A34708A1DCA6D610036C89A /* LaunchScreen.storyboard */ = {
			isa = PBXVariantGroup;
			children = (
				9A34708B1DCA6D610036C89A /* Base */,
			);
			name = LaunchScreen.storyboard;
			sourceTree = "<group>";
		};
/* End PBXVariantGroup section */

/* Begin XCBuildConfiguration section */
		9A3470A41DCA6D610036C89A /* Debug */ = {
			isa = XCBuildConfiguration;
			buildSettings = {
				ALWAYS_SEARCH_USER_PATHS = NO;
				CLANG_ANALYZER_NONNULL = YES;
				CLANG_CXX_LANGUAGE_STANDARD = "gnu++0x";
				CLANG_CXX_LIBRARY = "libc++";
				CLANG_ENABLE_MODULES = YES;
				CLANG_ENABLE_OBJC_ARC = YES;
				CLANG_WARN_BOOL_CONVERSION = YES;
				CLANG_WARN_CONSTANT_CONVERSION = YES;
				CLANG_WARN_DIRECT_OBJC_ISA_USAGE = YES_ERROR;
				CLANG_WARN_DOCUMENTATION_COMMENTS = YES;
				CLANG_WARN_EMPTY_BODY = YES;
				CLANG_WARN_ENUM_CONVERSION = YES;
				CLANG_WARN_INFINITE_RECURSION = YES;
				CLANG_WARN_INT_CONVERSION = YES;
				CLANG_WARN_OBJC_ROOT_CLASS = YES_ERROR;
				CLANG_WARN_SUSPICIOUS_MOVE = YES;
				CLANG_WARN_SUSPICIOUS_MOVES = YES;
				CLANG_WARN_UNREACHABLE_CODE = YES;
				CLANG_WARN__DUPLICATE_METHOD_MATCH = YES;
				"CODE_SIGN_IDENTITY[sdk=iphoneos*]" = "iPhone Developer";
				COPY_PHASE_STRIP = NO;
				DEBUG_INFORMATION_FORMAT = dwarf;
				ENABLE_STRICT_OBJC_MSGSEND = YES;
				ENABLE_TESTABILITY = YES;
				GCC_C_LANGUAGE_STANDARD = gnu99;
				GCC_DYNAMIC_NO_PIC = NO;
				GCC_NO_COMMON_BLOCKS = YES;
				GCC_OPTIMIZATION_LEVEL = 0;
				GCC_PREPROCESSOR_DEFINITIONS = (
					"DEBUG=1",
					"$(inherited)",
				);
				GCC_WARN_64_TO_32_BIT_CONVERSION = YES;
				GCC_WARN_ABOUT_RETURN_TYPE = YES_ERROR;
				GCC_WARN_UNDECLARED_SELECTOR = YES;
				GCC_WARN_UNINITIALIZED_AUTOS = YES_AGGRESSIVE;
				GCC_WARN_UNUSED_FUNCTION = YES;
				GCC_WARN_UNUSED_VARIABLE = YES;
				IPHONEOS_DEPLOYMENT_TARGET = 10.0;
				MTL_ENABLE_DEBUG_INFO = YES;
				ONLY_ACTIVE_ARCH = YES;
				SDKROOT = iphoneos;
				SWIFT_ACTIVE_COMPILATION_CONDITIONS = DEBUG;
				SWIFT_OPTIMIZATION_LEVEL = "-Onone";
				TARGETED_DEVICE_FAMILY = "1,2";
			};
			name = Debug;
		};
		9A3470A51DCA6D610036C89A /* Release */ = {
			isa = XCBuildConfiguration;
			buildSettings = {
				ALWAYS_SEARCH_USER_PATHS = NO;
				CLANG_ANALYZER_NONNULL = YES;
				CLANG_CXX_LANGUAGE_STANDARD = "gnu++0x";
				CLANG_CXX_LIBRARY = "libc++";
				CLANG_ENABLE_MODULES = YES;
				CLANG_ENABLE_OBJC_ARC = YES;
				CLANG_WARN_BOOL_CONVERSION = YES;
				CLANG_WARN_CONSTANT_CONVERSION = YES;
				CLANG_WARN_DIRECT_OBJC_ISA_USAGE = YES_ERROR;
				CLANG_WARN_DOCUMENTATION_COMMENTS = YES;
				CLANG_WARN_EMPTY_BODY = YES;
				CLANG_WARN_ENUM_CONVERSION = YES;
				CLANG_WARN_INFINITE_RECURSION = YES;
				CLANG_WARN_INT_CONVERSION = YES;
				CLANG_WARN_OBJC_ROOT_CLASS = YES_ERROR;
				CLANG_WARN_SUSPICIOUS_MOVE = YES;
				CLANG_WARN_SUSPICIOUS_MOVES = YES;
				CLANG_WARN_UNREACHABLE_CODE = YES;
				CLANG_WARN__DUPLICATE_METHOD_MATCH = YES;
				"CODE_SIGN_IDENTITY[sdk=iphoneos*]" = "iPhone Developer";
				COPY_PHASE_STRIP = NO;
				DEBUG_INFORMATION_FORMAT = "dwarf-with-dsym";
				ENABLE_NS_ASSERTIONS = NO;
				ENABLE_STRICT_OBJC_MSGSEND = YES;
				GCC_C_LANGUAGE_STANDARD = gnu99;
				GCC_NO_COMMON_BLOCKS = YES;
				GCC_WARN_64_TO_32_BIT_CONVERSION = YES;
				GCC_WARN_ABOUT_RETURN_TYPE = YES_ERROR;
				GCC_WARN_UNDECLARED_SELECTOR = YES;
				GCC_WARN_UNINITIALIZED_AUTOS = YES_AGGRESSIVE;
				GCC_WARN_UNUSED_FUNCTION = YES;
				GCC_WARN_UNUSED_VARIABLE = YES;
				IPHONEOS_DEPLOYMENT_TARGET = 10.0;
				MTL_ENABLE_DEBUG_INFO = NO;
				SDKROOT = iphoneos;
				SWIFT_OPTIMIZATION_LEVEL = "-Owholemodule";
				TARGETED_DEVICE_FAMILY = "1,2";
				VALIDATE_PRODUCT = YES;
			};
			name = Release;
		};
		9A3470A71DCA6D610036C89A /* Debug */ = {
			isa = XCBuildConfiguration;
			baseConfigurationReference = 45AEFA36FC0F206092F4BB05 /* Pods-Massage.debug.xcconfig */;
			buildSettings = {
				ASSETCATALOG_COMPILER_APPICON_NAME = AppIcon;
				CODE_SIGN_ENTITLEMENTS = Massage/Massage.entitlements;
				DEVELOPMENT_TEAM = "";
				INFOPLIST_FILE = Massage/Info.plist;
				LD_RUNPATH_SEARCH_PATHS = "$(inherited) @executable_path/Frameworks";
				PRODUCT_BUNDLE_IDENTIFIER = com.urbanmassage.Massage;
				PRODUCT_NAME = "$(TARGET_NAME)";
				SWIFT_VERSION = 3.0;
				TARGETED_DEVICE_FAMILY = 1;
			};
			name = Debug;
		};
		9A3470A81DCA6D610036C89A /* Release */ = {
			isa = XCBuildConfiguration;
			baseConfigurationReference = 2FFAB30350EEB97C82D95199 /* Pods-Massage.release.xcconfig */;
			buildSettings = {
				ASSETCATALOG_COMPILER_APPICON_NAME = AppIcon;
				CODE_SIGN_ENTITLEMENTS = Massage/Massage.entitlements;
				DEVELOPMENT_TEAM = "";
				INFOPLIST_FILE = Massage/Info.plist;
				LD_RUNPATH_SEARCH_PATHS = "$(inherited) @executable_path/Frameworks";
				PRODUCT_BUNDLE_IDENTIFIER = com.urbanmassage.Massage;
				PRODUCT_NAME = "$(TARGET_NAME)";
				SWIFT_VERSION = 3.0;
				TARGETED_DEVICE_FAMILY = 1;
			};
			name = Release;
		};
		9A3470AA1DCA6D610036C89A /* Debug */ = {
			isa = XCBuildConfiguration;
			buildSettings = {
				ALWAYS_EMBED_SWIFT_STANDARD_LIBRARIES = YES;
				BUNDLE_LOADER = "$(TEST_HOST)";
				INFOPLIST_FILE = MassageTests/Info.plist;
				LD_RUNPATH_SEARCH_PATHS = "$(inherited) @executable_path/Frameworks @loader_path/Frameworks";
				PRODUCT_BUNDLE_IDENTIFIER = com.urban.MassageTests;
				PRODUCT_NAME = "$(TARGET_NAME)";
				SWIFT_VERSION = 3.0;
				TEST_HOST = "$(BUILT_PRODUCTS_DIR)/Massage.app/Massage";
			};
			name = Debug;
		};
		9A3470AB1DCA6D610036C89A /* Release */ = {
			isa = XCBuildConfiguration;
			buildSettings = {
				ALWAYS_EMBED_SWIFT_STANDARD_LIBRARIES = YES;
				BUNDLE_LOADER = "$(TEST_HOST)";
				INFOPLIST_FILE = MassageTests/Info.plist;
				LD_RUNPATH_SEARCH_PATHS = "$(inherited) @executable_path/Frameworks @loader_path/Frameworks";
				PRODUCT_BUNDLE_IDENTIFIER = com.urban.MassageTests;
				PRODUCT_NAME = "$(TARGET_NAME)";
				SWIFT_VERSION = 3.0;
				TEST_HOST = "$(BUILT_PRODUCTS_DIR)/Massage.app/Massage";
			};
			name = Release;
		};
		9A3470AD1DCA6D610036C89A /* Debug */ = {
			isa = XCBuildConfiguration;
			buildSettings = {
				ALWAYS_EMBED_SWIFT_STANDARD_LIBRARIES = YES;
				INFOPLIST_FILE = MassageUITests/Info.plist;
				LD_RUNPATH_SEARCH_PATHS = "$(inherited) @executable_path/Frameworks @loader_path/Frameworks";
				PRODUCT_BUNDLE_IDENTIFIER = com.urban.MassageUITests;
				PRODUCT_NAME = "$(TARGET_NAME)";
				SWIFT_VERSION = 3.0;
				TEST_TARGET_NAME = Massage;
			};
			name = Debug;
		};
		9A3470AE1DCA6D610036C89A /* Release */ = {
			isa = XCBuildConfiguration;
			buildSettings = {
				ALWAYS_EMBED_SWIFT_STANDARD_LIBRARIES = YES;
				INFOPLIST_FILE = MassageUITests/Info.plist;
				LD_RUNPATH_SEARCH_PATHS = "$(inherited) @executable_path/Frameworks @loader_path/Frameworks";
				PRODUCT_BUNDLE_IDENTIFIER = com.urban.MassageUITests;
				PRODUCT_NAME = "$(TARGET_NAME)";
				SWIFT_VERSION = 3.0;
				TEST_TARGET_NAME = Massage;
			};
			name = Release;
		};
/* End XCBuildConfiguration section */

/* Begin XCConfigurationList section */
		9A3470791DCA6D600036C89A /* Build configuration list for PBXProject "Massage" */ = {
			isa = XCConfigurationList;
			buildConfigurations = (
				9A3470A41DCA6D610036C89A /* Debug */,
				9A3470A51DCA6D610036C89A /* Release */,
			);
			defaultConfigurationIsVisible = 0;
			defaultConfigurationName = Release;
		};
		9A3470A61DCA6D610036C89A /* Build configuration list for PBXNativeTarget "Massage" */ = {
			isa = XCConfigurationList;
			buildConfigurations = (
				9A3470A71DCA6D610036C89A /* Debug */,
				9A3470A81DCA6D610036C89A /* Release */,
			);
			defaultConfigurationIsVisible = 0;
			defaultConfigurationName = Release;
		};
		9A3470A91DCA6D610036C89A /* Build configuration list for PBXNativeTarget "MassageTests" */ = {
			isa = XCConfigurationList;
			buildConfigurations = (
				9A3470AA1DCA6D610036C89A /* Debug */,
				9A3470AB1DCA6D610036C89A /* Release */,
			);
			defaultConfigurationIsVisible = 0;
			defaultConfigurationName = Release;
		};
		9A3470AC1DCA6D610036C89A /* Build configuration list for PBXNativeTarget "MassageUITests" */ = {
			isa = XCConfigurationList;
			buildConfigurations = (
				9A3470AD1DCA6D610036C89A /* Debug */,
				9A3470AE1DCA6D610036C89A /* Release */,
			);
			defaultConfigurationIsVisible = 0;
			defaultConfigurationName = Release;
		};
/* End XCConfigurationList section */
	};
	rootObject = 9A3470761DCA6D600036C89A /* Project object */;
}
